// !$*UTF8*$!
{
	archiveVersion = 1;
	classes = {
	};
	objectVersion = 46;
	objects = {

/* Begin PBXBuildFile section */
		2DC30D881B32125500F40701 /* main.cpp in Sources */ = {isa = PBXBuildFile; fileRef = 2DC30D871B32125500F40701 /* main.cpp */; };
		2DC30D901B32126600F40701 /* Unit.cpp in Sources */ = {isa = PBXBuildFile; fileRef = 2DC30D8E1B32126600F40701 /* Unit.cpp */; };
		2DC30D931B32179400F40701 /* Layer.cpp in Sources */ = {isa = PBXBuildFile; fileRef = 2DC30D911B32179400F40701 /* Layer.cpp */; };
		2DC30D961B3217A300F40701 /* Network.cpp in Sources */ = {isa = PBXBuildFile; fileRef = 2DC30D941B3217A300F40701 /* Network.cpp */; };
		2DC30D991B32182300F40701 /* HiddenUnit.cpp in Sources */ = {isa = PBXBuildFile; fileRef = 2DC30D971B32182300F40701 /* HiddenUnit.cpp */; };
		2DC30D9C1B32182F00F40701 /* VisibleUnit.cpp in Sources */ = {isa = PBXBuildFile; fileRef = 2DC30D9A1B32182F00F40701 /* VisibleUnit.cpp */; };
		2DC30DA01B32295F00F40701 /* BoltzmannDistribution.cpp in Sources */ = {isa = PBXBuildFile; fileRef = 2DC30D9E1B32295F00F40701 /* BoltzmannDistribution.cpp */; };
		2DC30DA31B333D5F00F40701 /* Matrix.cpp in Sources */ = {isa = PBXBuildFile; fileRef = 2DC30DA11B333D5F00F40701 /* Matrix.cpp */; };
/* End PBXBuildFile section */

/* Begin PBXCopyFilesBuildPhase section */
		2DC30D821B32125500F40701 /* CopyFiles */ = {
			isa = PBXCopyFilesBuildPhase;
			buildActionMask = 2147483647;
			dstPath = /usr/share/man/man1/;
			dstSubfolderSpec = 0;
			files = (
			);
			runOnlyForDeploymentPostprocessing = 1;
		};
/* End PBXCopyFilesBuildPhase section */

/* Begin PBXFileReference section */
		2DC30D841B32125500F40701 /* RBM */ = {isa = PBXFileReference; explicitFileType = "compiled.mach-o.executable"; includeInIndex = 0; path = RBM; sourceTree = BUILT_PRODUCTS_DIR; };
		2DC30D871B32125500F40701 /* main.cpp */ = {isa = PBXFileReference; lastKnownFileType = sourcecode.cpp.cpp; path = main.cpp; sourceTree = "<group>"; };
		2DC30D8E1B32126600F40701 /* Unit.cpp */ = {isa = PBXFileReference; fileEncoding = 4; lastKnownFileType = sourcecode.cpp.cpp; path = Unit.cpp; sourceTree = "<group>"; };
		2DC30D8F1B32126600F40701 /* Unit.h */ = {isa = PBXFileReference; fileEncoding = 4; lastKnownFileType = sourcecode.c.h; path = Unit.h; sourceTree = "<group>"; };
		2DC30D911B32179400F40701 /* Layer.cpp */ = {isa = PBXFileReference; fileEncoding = 4; lastKnownFileType = sourcecode.cpp.cpp; path = Layer.cpp; sourceTree = "<group>"; };
		2DC30D921B32179400F40701 /* Layer.h */ = {isa = PBXFileReference; fileEncoding = 4; lastKnownFileType = sourcecode.c.h; path = Layer.h; sourceTree = "<group>"; };
		2DC30D941B3217A300F40701 /* Network.cpp */ = {isa = PBXFileReference; fileEncoding = 4; lastKnownFileType = sourcecode.cpp.cpp; path = Network.cpp; sourceTree = "<group>"; };
		2DC30D951B3217A300F40701 /* Network.h */ = {isa = PBXFileReference; fileEncoding = 4; lastKnownFileType = sourcecode.c.h; path = Network.h; sourceTree = "<group>"; };
		2DC30D971B32182300F40701 /* HiddenUnit.cpp */ = {isa = PBXFileReference; fileEncoding = 4; lastKnownFileType = sourcecode.cpp.cpp; path = HiddenUnit.cpp; sourceTree = "<group>"; };
		2DC30D981B32182300F40701 /* HiddenUnit.h */ = {isa = PBXFileReference; fileEncoding = 4; lastKnownFileType = sourcecode.c.h; path = HiddenUnit.h; sourceTree = "<group>"; };
		2DC30D9A1B32182F00F40701 /* VisibleUnit.cpp */ = {isa = PBXFileReference; fileEncoding = 4; lastKnownFileType = sourcecode.cpp.cpp; path = VisibleUnit.cpp; sourceTree = "<group>"; };
		2DC30D9B1B32182F00F40701 /* VisibleUnit.h */ = {isa = PBXFileReference; fileEncoding = 4; lastKnownFileType = sourcecode.c.h; path = VisibleUnit.h; sourceTree = "<group>"; };
		2DC30D9E1B32295F00F40701 /* BoltzmannDistribution.cpp */ = {isa = PBXFileReference; fileEncoding = 4; lastKnownFileType = sourcecode.cpp.cpp; path = BoltzmannDistribution.cpp; sourceTree = "<group>"; };
		2DC30D9F1B32295F00F40701 /* BoltzmannDistribution.h */ = {isa = PBXFileReference; fileEncoding = 4; lastKnownFileType = sourcecode.c.h; path = BoltzmannDistribution.h; sourceTree = "<group>"; };
		2DC30DA11B333D5F00F40701 /* Matrix.cpp */ = {isa = PBXFileReference; fileEncoding = 4; lastKnownFileType = sourcecode.cpp.cpp; path = Matrix.cpp; sourceTree = "<group>"; };
		2DC30DA21B333D5F00F40701 /* Matrix.h */ = {isa = PBXFileReference; fileEncoding = 4; lastKnownFileType = sourcecode.c.h; path = Matrix.h; sourceTree = "<group>"; };
/* End PBXFileReference section */

/* Begin PBXFrameworksBuildPhase section */
		2DC30D811B32125500F40701 /* Frameworks */ = {
			isa = PBXFrameworksBuildPhase;
			buildActionMask = 2147483647;
			files = (
			);
			runOnlyForDeploymentPostprocessing = 0;
		};
/* End PBXFrameworksBuildPhase section */

/* Begin PBXGroup section */
		2D6C1B581B387B06006BF902 /* Network Structure */ = {
			isa = PBXGroup;
			children = (
				2DC30DA11B333D5F00F40701 /* Matrix.cpp */,
				2DC30DA21B333D5F00F40701 /* Matrix.h */,
				2DC30D941B3217A300F40701 /* Network.cpp */,
				2DC30D951B3217A300F40701 /* Network.h */,
				2DC30D911B32179400F40701 /* Layer.cpp */,
				2DC30D921B32179400F40701 /* Layer.h */,
			);
			name = "Network Structure";
			sourceTree = "<group>";
		};
		2D6C1B591B387B22006BF902 /* Resources */ = {
			isa = PBXGroup;
			children = (
				2DC30D9E1B32295F00F40701 /* BoltzmannDistribution.cpp */,
				2DC30D9F1B32295F00F40701 /* BoltzmannDistribution.h */,
			);
			name = Resources;
			sourceTree = "<group>";
		};
		2DC30D7B1B32125500F40701 = {
			isa = PBXGroup;
			children = (
				2DC30D861B32125500F40701 /* RBM */,
				2DC30D851B32125500F40701 /* Products */,
			);
			sourceTree = "<group>";
		};
		2DC30D851B32125500F40701 /* Products */ = {
			isa = PBXGroup;
			children = (
				2DC30D841B32125500F40701 /* RBM */,
			);
			name = Products;
			sourceTree = "<group>";
		};
		2DC30D861B32125500F40701 /* RBM */ = {
			isa = PBXGroup;
			children = (
				2DC30D871B32125500F40701 /* main.cpp */,
				2D6C1B591B387B22006BF902 /* Resources */,
				2D6C1B581B387B06006BF902 /* Network Structure */,
				2DC30D9D1B3218B800F40701 /* Units */,
			);
			path = RBM;
			sourceTree = "<group>";
		};
		2DC30D9D1B3218B800F40701 /* Units */ = {
			isa = PBXGroup;
			children = (
				2DC30D9A1B32182F00F40701 /* VisibleUnit.cpp */,
				2DC30D9B1B32182F00F40701 /* VisibleUnit.h */,
				2DC30D971B32182300F40701 /* HiddenUnit.cpp */,
				2DC30D981B32182300F40701 /* HiddenUnit.h */,
				2DC30D8E1B32126600F40701 /* Unit.cpp */,
				2DC30D8F1B32126600F40701 /* Unit.h */,
			);
			name = Units;
			sourceTree = "<group>";
		};
/* End PBXGroup section */

/* Begin PBXNativeTarget section */
		2DC30D831B32125500F40701 /* RBM */ = {
			isa = PBXNativeTarget;
			buildConfigurationList = 2DC30D8B1B32125500F40701 /* Build configuration list for PBXNativeTarget "RBM" */;
			buildPhases = (
				2DC30D801B32125500F40701 /* Sources */,
				2DC30D811B32125500F40701 /* Frameworks */,
				2DC30D821B32125500F40701 /* CopyFiles */,
			);
			buildRules = (
			);
			dependencies = (
			);
			name = RBM;
			productName = RBM;
			productReference = 2DC30D841B32125500F40701 /* RBM */;
			productType = "com.apple.product-type.tool";
		};
/* End PBXNativeTarget section */

/* Begin PBXProject section */
		2DC30D7C1B32125500F40701 /* Project object */ = {
			isa = PBXProject;
			attributes = {
				LastUpgradeCheck = 0610;
				ORGANIZATIONNAME = adamSanghera;
				TargetAttributes = {
					2DC30D831B32125500F40701 = {
						CreatedOnToolsVersion = 6.1.1;
					};
				};
			};
			buildConfigurationList = 2DC30D7F1B32125500F40701 /* Build configuration list for PBXProject "RBM" */;
			compatibilityVersion = "Xcode 3.2";
			developmentRegion = English;
			hasScannedForEncodings = 0;
			knownRegions = (
				en,
			);
			mainGroup = 2DC30D7B1B32125500F40701;
			productRefGroup = 2DC30D851B32125500F40701 /* Products */;
			projectDirPath = "";
			projectRoot = "";
			targets = (
				2DC30D831B32125500F40701 /* RBM */,
			);
		};
/* End PBXProject section */

/* Begin PBXSourcesBuildPhase section */
		2DC30D801B32125500F40701 /* Sources */ = {
			isa = PBXSourcesBuildPhase;
			buildActionMask = 2147483647;
			files = (
				2DC30DA31B333D5F00F40701 /* Matrix.cpp in Sources */,
				2DC30DA01B32295F00F40701 /* BoltzmannDistribution.cpp in Sources */,
				2DC30D9C1B32182F00F40701 /* VisibleUnit.cpp in Sources */,
				2DC30D931B32179400F40701 /* Layer.cpp in Sources */,
				2DC30D881B32125500F40701 /* main.cpp in Sources */,
				2DC30D991B32182300F40701 /* HiddenUnit.cpp in Sources */,
				2DC30D961B3217A300F40701 /* Network.cpp in Sources */,
				2DC30D901B32126600F40701 /* Unit.cpp in Sources */,
			);
			runOnlyForDeploymentPostprocessing = 0;
		};
/* End PBXSourcesBuildPhase section */

/* Begin XCBuildConfiguration section */
		2DC30D891B32125500F40701 /* Debug */ = {
			isa = XCBuildConfiguration;
			buildSettings = {
				ALWAYS_SEARCH_USER_PATHS = NO;
				CLANG_CXX_LANGUAGE_STANDARD = "gnu++0x";
				CLANG_CXX_LIBRARY = "libc++";
				CLANG_ENABLE_MODULES = YES;
				CLANG_ENABLE_OBJC_ARC = YES;
				CLANG_WARN_BOOL_CONVERSION = YES;
				CLANG_WARN_CONSTANT_CONVERSION = YES;
				CLANG_WARN_DIRECT_OBJC_ISA_USAGE = YES_ERROR;
				CLANG_WARN_EMPTY_BODY = YES;
				CLANG_WARN_ENUM_CONVERSION = YES;
				CLANG_WARN_INT_CONVERSION = YES;
				CLANG_WARN_OBJC_ROOT_CLASS = YES_ERROR;
				CLANG_WARN_UNREACHABLE_CODE = YES;
				CLANG_WARN__DUPLICATE_METHOD_MATCH = YES;
				COPY_PHASE_STRIP = NO;
				ENABLE_STRICT_OBJC_MSGSEND = YES;
				GCC_C_LANGUAGE_STANDARD = gnu99;
				GCC_DYNAMIC_NO_PIC = NO;
				GCC_OPTIMIZATION_LEVEL = 0;
				GCC_PREPROCESSOR_DEFINITIONS = (
					"DEBUG=1",
					"$(inherited)",
				);
				GCC_SYMBOLS_PRIVATE_EXTERN = NO;
				GCC_WARN_64_TO_32_BIT_CONVERSION = YES;
				GCC_WARN_ABOUT_RETURN_TYPE = YES_ERROR;
				GCC_WARN_UNDECLARED_SELECTOR = YES;
				GCC_WARN_UNINITIALIZED_AUTOS = YES_AGGRESSIVE;
				GCC_WARN_UNUSED_FUNCTION = YES;
				GCC_WARN_UNUSED_VARIABLE = YES;
				MACOSX_DEPLOYMENT_TARGET = 10.10;
				MTL_ENABLE_DEBUG_INFO = YES;
				ONLY_ACTIVE_ARCH = YES;
				SDKROOT = macosx;
			};
			name = Debug;
		};
		2DC30D8A1B32125500F40701 /* Release */ = {
			isa = XCBuildConfiguration;
			buildSettings = {
				ALWAYS_SEARCH_USER_PATHS = NO;
				CLANG_CXX_LANGUAGE_STANDARD = "gnu++0x";
				CLANG_CXX_LIBRARY = "libc++";
				CLANG_ENABLE_MODULES = YES;
				CLANG_ENABLE_OBJC_ARC = YES;
				CLANG_WARN_BOOL_CONVERSION = YES;
				CLANG_WARN_CONSTANT_CONVERSION = YES;
				CLANG_WARN_DIRECT_OBJC_ISA_USAGE = YES_ERROR;
				CLANG_WARN_EMPTY_BODY = YES;
				CLANG_WARN_ENUM_CONVERSION = YES;
				CLANG_WARN_INT_CONVERSION = YES;
				CLANG_WARN_OBJC_ROOT_CLASS = YES_ERROR;
				CLANG_WARN_UNREACHABLE_CODE = YES;
				CLANG_WARN__DUPLICATE_METHOD_MATCH = YES;
				COPY_PHASE_STRIP = YES;
				DEBUG_INFORMATION_FORMAT = "dwarf-with-dsym";
				ENABLE_NS_ASSERTIONS = NO;
				ENABLE_STRICT_OBJC_MSGSEND = YES;
				GCC_C_LANGUAGE_STANDARD = gnu99;
				GCC_WARN_64_TO_32_BIT_CONVERSION = YES;
				GCC_WARN_ABOUT_RETURN_TYPE = YES_ERROR;
				GCC_WARN_UNDECLARED_SELECTOR = YES;
				GCC_WARN_UNINITIALIZED_AUTOS = YES_AGGRESSIVE;
				GCC_WARN_UNUSED_FUNCTION = YES;
				GCC_WARN_UNUSED_VARIABLE = YES;
				MACOSX_DEPLOYMENT_TARGET = 10.10;
				MTL_ENABLE_DEBUG_INFO = NO;
				SDKROOT = macosx;
			};
			name = Release;
		};
		2DC30D8C1B32125500F40701 /* Debug */ = {
			isa = XCBuildConfiguration;
			buildSettings = {
				PRODUCT_NAME = "$(TARGET_NAME)";
			};
			name = Debug;
		};
		2DC30D8D1B32125500F40701 /* Release */ = {
			isa = XCBuildConfiguration;
			buildSettings = {
				PRODUCT_NAME = "$(TARGET_NAME)";
			};
			name = Release;
		};
/* End XCBuildConfiguration section */

/* Begin XCConfigurationList section */
		2DC30D7F1B32125500F40701 /* Build configuration list for PBXProject "RBM" */ = {
			isa = XCConfigurationList;
			buildConfigurations = (
				2DC30D891B32125500F40701 /* Debug */,
				2DC30D8A1B32125500F40701 /* Release */,
			);
			defaultConfigurationIsVisible = 0;
			defaultConfigurationName = Release;
		};
		2DC30D8B1B32125500F40701 /* Build configuration list for PBXNativeTarget "RBM" */ = {
			isa = XCConfigurationList;
			buildConfigurations = (
				2DC30D8C1B32125500F40701 /* Debug */,
				2DC30D8D1B32125500F40701 /* Release */,
			);
			defaultConfigurationIsVisible = 0;
			defaultConfigurationName = Release;
		};
/* End XCConfigurationList section */
	};
	rootObject = 2DC30D7C1B32125500F40701 /* Project object */;
}
